
Microsoft Visual Studio Solution File, Format Version 11.00
# Visual Studio 2010
Project("{8BC9CEB8-8B4A-11D0-8D11-00A0C91BC942}") = "spicapturewebcam2", "spicapturewebcam2.vcxproj", "{1345B6E5-5744-4095-861C-0D0E61193C20}"
EndProject
Global
	GlobalSection(SolutionConfigurationPlatforms) = preSolution
		Debug|Win32 = Debug|Win32
		Release|Win32 = Release|Win32
	EndGlobalSection
	GlobalSection(ProjectConfigurationPlatforms) = postSolution
		{1345B6E5-5744-4095-861C-0D0E61193C20}.Debug|Win32.ActiveCfg = Debug|Win32
		{1345B6E5-5744-4095-861C-0D0E61193C20}.Debug|Win32.Build.0 = Debug|Win32
		{1345B6E5-5744-4095-861C-0D0E61193C20}.Release|Win32.ActiveCfg = Release|Win32
		{1345B6E5-5744-4095-861C-0D0E61193C20}.Release|Win32.Build.0 = Release|Win32
	EndGlobalSection
	GlobalSection(SolutionProperties) = preSolution
		HideSolutionNode = FALSE
	EndGlobalSection
EndGlobal
